
Microsoft Visual Studio Solution File, Format Version 12.00
# Visual Studio 15
VisualStudioVersion = 15.0.28307.136
MinimumVisualStudioVersion = 10.0.40219.1
Project("{FAE04EC0-301F-11D3-BF4B-00C04F79EFBC}") = "SingletonPattern", "SingletonPattern\SingletonPattern.csproj", "{99563682-CEF1-4FB3-8C21-A9115C3F6D35}"
EndProject
Project("{FAE04EC0-301F-11D3-BF4B-00C04F79EFBC}") = "AbstractFactory", "AbstractFactory\AbstractFactory.csproj", "{91D92985-95CC-4E8E-8582-2AC10AF35AAF}"
EndProject
Project("{FAE04EC0-301F-11D3-BF4B-00C04F79EFBC}") = "Builder", "Builder\Builder.csproj", "{FC58AE59-A6E1-4C07-8CAB-6E281F605F30}"
EndProject
Project("{FAE04EC0-301F-11D3-BF4B-00C04F79EFBC}") = "FactoryMethod", "FactoryMethod\FactoryMethod.csproj", "{D48F3089-919B-4AD5-AB8F-2129079E8782}"
EndProject
Project("{FAE04EC0-301F-11D3-BF4B-00C04F79EFBC}") = "Prototype", "Prototype\Prototype.csproj", "{B53561FC-B4A3-4DEC-B7FC-A419EAF4DF01}"
EndProject
Project("{FAE04EC0-301F-11D3-BF4B-00C04F79EFBC}") = "Adapter", "Adapter\Adapter.csproj", "{E227101B-01E0-47A9-8A7A-5EB9C7F3E5C1}"
EndProject
Project("{FAE04EC0-301F-11D3-BF4B-00C04F79EFBC}") = "Bridge", "Bridge\Bridge.csproj", "{EBC6F6BB-DCC1-4F5D-B30D-1438D2287C20}"
EndProject
Project("{FAE04EC0-301F-11D3-BF4B-00C04F79EFBC}") = "Decorator", "Decorator\Decorator.csproj", "{717EE955-9A18-4E96-A7E6-735BFD2D2BE2}"
EndProject
Project("{FAE04EC0-301F-11D3-BF4B-00C04F79EFBC}") = "Composite", "Composite\Composite.csproj", "{651EC2D1-FFBF-43A2-ADF9-F145CFED677A}"
EndProject
Project("{FAE04EC0-301F-11D3-BF4B-00C04F79EFBC}") = "Facade", "Facade\Facade.csproj", "{E183F634-B5A9-4251-B886-B67157E5988C}"
EndProject
Project("{FAE04EC0-301F-11D3-BF4B-00C04F79EFBC}") = "Flyweight", "Flyweight\Flyweight.csproj", "{59E1E433-37D2-44F0-85CB-F7FC7F0C77F1}"
EndProject
Project("{FAE04EC0-301F-11D3-BF4B-00C04F79EFBC}") = "Proxy", "Proxy\Proxy.csproj", "{2DB8C6F7-FE0C-4190-9A66-3B5A3B631475}"
EndProject
Project("{FAE04EC0-301F-11D3-BF4B-00C04F79EFBC}") = "Template", "Template\Template.csproj", "{45D50CEC-B81A-4B31-B693-DE186C668B98}"
EndProject
Project("{FAE04EC0-301F-11D3-BF4B-00C04F79EFBC}") = "Command", "Command\Command.csproj", "{F2D2CA90-0092-4CE1-81D7-A6A872B757B5}"
EndProject
Project("{FAE04EC0-301F-11D3-BF4B-00C04F79EFBC}") = "Iterator", "Iterator\Iterator.csproj", "{424AE60C-5573-4690-8F40-5A997F1AF8F2}"
EndProject
Project("{FAE04EC0-301F-11D3-BF4B-00C04F79EFBC}") = "Observer", "Observer\Observer.csproj", "{5D71C62E-5420-421B-AA82-EBA408EC1047}"
EndProject
Project("{FAE04EC0-301F-11D3-BF4B-00C04F79EFBC}") = "Mediator", "Mediator\Mediator.csproj", "{80108310-424A-4FAA-AC4D-FAB32B980B11}"
EndProject
Project("{FAE04EC0-301F-11D3-BF4B-00C04F79EFBC}") = "State", "State\State.csproj", "{F00CEB7A-515A-49D3-948A-AF97A0225EEE}"
EndProject
Project("{FAE04EC0-301F-11D3-BF4B-00C04F79EFBC}") = "Stragety", "Stragety\Stragety.csproj", "{ECB06474-9CE6-4E70-B570-42A9456CE982}"
EndProject
Project("{FAE04EC0-301F-11D3-BF4B-00C04F79EFBC}") = "ResponsibilityChain", "ResponsibilityChain\ResponsibilityChain.csproj", "{9E59FB7F-961E-4963-A46C-7779BC865A89}"
EndProject
Global
	GlobalSection(SolutionConfigurationPlatforms) = preSolution
		Debug|Any CPU = Debug|Any CPU
		Release|Any CPU = Release|Any CPU
	EndGlobalSection
	GlobalSection(ProjectConfigurationPlatforms) = postSolution
		{99563682-CEF1-4FB3-8C21-A9115C3F6D35}.Debug|Any CPU.ActiveCfg = Debug|Any CPU
		{99563682-CEF1-4FB3-8C21-A9115C3F6D35}.Debug|Any CPU.Build.0 = Debug|Any CPU
		{99563682-CEF1-4FB3-8C21-A9115C3F6D35}.Release|Any CPU.ActiveCfg = Release|Any CPU
		{99563682-CEF1-4FB3-8C21-A9115C3F6D35}.Release|Any CPU.Build.0 = Release|Any CPU
		{91D92985-95CC-4E8E-8582-2AC10AF35AAF}.Debug|Any CPU.ActiveCfg = Debug|Any CPU
		{91D92985-95CC-4E8E-8582-2AC10AF35AAF}.Debug|Any CPU.Build.0 = Debug|Any CPU
		{91D92985-95CC-4E8E-8582-2AC10AF35AAF}.Release|Any CPU.ActiveCfg = Release|Any CPU
		{91D92985-95CC-4E8E-8582-2AC10AF35AAF}.Release|Any CPU.Build.0 = Release|Any CPU
		{FC58AE59-A6E1-4C07-8CAB-6E281F605F30}.Debug|Any CPU.ActiveCfg = Debug|Any CPU
		{FC58AE59-A6E1-4C07-8CAB-6E281F605F30}.Debug|Any CPU.Build.0 = Debug|Any CPU
		{FC58AE59-A6E1-4C07-8CAB-6E281F605F30}.Release|Any CPU.ActiveCfg = Release|Any CPU
		{FC58AE59-A6E1-4C07-8CAB-6E281F605F30}.Release|Any CPU.Build.0 = Release|Any CPU
		{D48F3089-919B-4AD5-AB8F-2129079E8782}.Debug|Any CPU.ActiveCfg = Debug|Any CPU
		{D48F3089-919B-4AD5-AB8F-2129079E8782}.Debug|Any CPU.Build.0 = Debug|Any CPU
		{D48F3089-919B-4AD5-AB8F-2129079E8782}.Release|Any CPU.ActiveCfg = Release|Any CPU
		{D48F3089-919B-4AD5-AB8F-2129079E8782}.Release|Any CPU.Build.0 = Release|Any CPU
		{B53561FC-B4A3-4DEC-B7FC-A419EAF4DF01}.Debug|Any CPU.ActiveCfg = Debug|Any CPU
		{B53561FC-B4A3-4DEC-B7FC-A419EAF4DF01}.Debug|Any CPU.Build.0 = Debug|Any CPU
		{B53561FC-B4A3-4DEC-B7FC-A419EAF4DF01}.Release|Any CPU.ActiveCfg = Release|Any CPU
		{B53561FC-B4A3-4DEC-B7FC-A419EAF4DF01}.Release|Any CPU.Build.0 = Release|Any CPU
		{E227101B-01E0-47A9-8A7A-5EB9C7F3E5C1}.Debug|Any CPU.ActiveCfg = Debug|Any CPU
		{E227101B-01E0-47A9-8A7A-5EB9C7F3E5C1}.Debug|Any CPU.Build.0 = Debug|Any CPU
		{E227101B-01E0-47A9-8A7A-5EB9C7F3E5C1}.Release|Any CPU.ActiveCfg = Release|Any CPU
		{E227101B-01E0-47A9-8A7A-5EB9C7F3E5C1}.Release|Any CPU.Build.0 = Release|Any CPU
		{EBC6F6BB-DCC1-4F5D-B30D-1438D2287C20}.Debug|Any CPU.ActiveCfg = Debug|Any CPU
		{EBC6F6BB-DCC1-4F5D-B30D-1438D2287C20}.Debug|Any CPU.Build.0 = Debug|Any CPU
		{EBC6F6BB-DCC1-4F5D-B30D-1438D2287C20}.Release|Any CPU.ActiveCfg = Release|Any CPU
		{EBC6F6BB-DCC1-4F5D-B30D-1438D2287C20}.Release|Any CPU.Build.0 = Release|Any CPU
		{717EE955-9A18-4E96-A7E6-735BFD2D2BE2}.Debug|Any CPU.ActiveCfg = Debug|Any CPU
		{717EE955-9A18-4E96-A7E6-735BFD2D2BE2}.Debug|Any CPU.Build.0 = Debug|Any CPU
		{717EE955-9A18-4E96-A7E6-735BFD2D2BE2}.Release|Any CPU.ActiveCfg = Release|Any CPU
		{717EE955-9A18-4E96-A7E6-735BFD2D2BE2}.Release|Any CPU.Build.0 = Release|Any CPU
		{651EC2D1-FFBF-43A2-ADF9-F145CFED677A}.Debug|Any CPU.ActiveCfg = Debug|Any CPU
		{651EC2D1-FFBF-43A2-ADF9-F145CFED677A}.Debug|Any CPU.Build.0 = Debug|Any CPU
		{651EC2D1-FFBF-43A2-ADF9-F145CFED677A}.Release|Any CPU.ActiveCfg = Release|Any CPU
		{651EC2D1-FFBF-43A2-ADF9-F145CFED677A}.Release|Any CPU.Build.0 = Release|Any CPU
		{E183F634-B5A9-4251-B886-B67157E5988C}.Debug|Any CPU.ActiveCfg = Debug|Any CPU
		{E183F634-B5A9-4251-B886-B67157E5988C}.Debug|Any CPU.Build.0 = Debug|Any CPU
		{E183F634-B5A9-4251-B886-B67157E5988C}.Release|Any CPU.ActiveCfg = Release|Any CPU
		{E183F634-B5A9-4251-B886-B67157E5988C}.Release|Any CPU.Build.0 = Release|Any CPU
		{59E1E433-37D2-44F0-85CB-F7FC7F0C77F1}.Debug|Any CPU.ActiveCfg = Debug|Any CPU
		{59E1E433-37D2-44F0-85CB-F7FC7F0C77F1}.Debug|Any CPU.Build.0 = Debug|Any CPU
		{59E1E433-37D2-44F0-85CB-F7FC7F0C77F1}.Release|Any CPU.ActiveCfg = Release|Any CPU
		{59E1E433-37D2-44F0-85CB-F7FC7F0C77F1}.Release|Any CPU.Build.0 = Release|Any CPU
		{2DB8C6F7-FE0C-4190-9A66-3B5A3B631475}.Debug|Any CPU.ActiveCfg = Debug|Any CPU
		{2DB8C6F7-FE0C-4190-9A66-3B5A3B631475}.Debug|Any CPU.Build.0 = Debug|Any CPU
		{2DB8C6F7-FE0C-4190-9A66-3B5A3B631475}.Release|Any CPU.ActiveCfg = Release|Any CPU
		{2DB8C6F7-FE0C-4190-9A66-3B5A3B631475}.Release|Any CPU.Build.0 = Release|Any CPU
		{45D50CEC-B81A-4B31-B693-DE186C668B98}.Debug|Any CPU.ActiveCfg = Debug|Any CPU
		{45D50CEC-B81A-4B31-B693-DE186C668B98}.Debug|Any CPU.Build.0 = Debug|Any CPU
		{45D50CEC-B81A-4B31-B693-DE186C668B98}.Release|Any CPU.ActiveCfg = Release|Any CPU
		{45D50CEC-B81A-4B31-B693-DE186C668B98}.Release|Any CPU.Build.0 = Release|Any CPU
		{F2D2CA90-0092-4CE1-81D7-A6A872B757B5}.Debug|Any CPU.ActiveCfg = Debug|Any CPU
		{F2D2CA90-0092-4CE1-81D7-A6A872B757B5}.Debug|Any CPU.Build.0 = Debug|Any CPU
		{F2D2CA90-0092-4CE1-81D7-A6A872B757B5}.Release|Any CPU.ActiveCfg = Release|Any CPU
		{F2D2CA90-0092-4CE1-81D7-A6A872B757B5}.Release|Any CPU.Build.0 = Release|Any CPU
		{424AE60C-5573-4690-8F40-5A997F1AF8F2}.Debug|Any CPU.ActiveCfg = Debug|Any CPU
		{424AE60C-5573-4690-8F40-5A997F1AF8F2}.Debug|Any CPU.Build.0 = Debug|Any CPU
		{424AE60C-5573-4690-8F40-5A997F1AF8F2}.Release|Any CPU.ActiveCfg = Release|Any CPU
		{424AE60C-5573-4690-8F40-5A997F1AF8F2}.Release|Any CPU.Build.0 = Release|Any CPU
		{5D71C62E-5420-421B-AA82-EBA408EC1047}.Debug|Any CPU.ActiveCfg = Debug|Any CPU
		{5D71C62E-5420-421B-AA82-EBA408EC1047}.Debug|Any CPU.Build.0 = Debug|Any CPU
		{5D71C62E-5420-421B-AA82-EBA408EC1047}.Release|Any CPU.ActiveCfg = Release|Any CPU
		{5D71C62E-5420-421B-AA82-EBA408EC1047}.Release|Any CPU.Build.0 = Release|Any CPU
		{80108310-424A-4FAA-AC4D-FAB32B980B11}.Debug|Any CPU.ActiveCfg = Debug|Any CPU
		{80108310-424A-4FAA-AC4D-FAB32B980B11}.Debug|Any CPU.Build.0 = Debug|Any CPU
		{80108310-424A-4FAA-AC4D-FAB32B980B11}.Release|Any CPU.ActiveCfg = Release|Any CPU
		{80108310-424A-4FAA-AC4D-FAB32B980B11}.Release|Any CPU.Build.0 = Release|Any CPU
		{F00CEB7A-515A-49D3-948A-AF97A0225EEE}.Debug|Any CPU.ActiveCfg = Debug|Any CPU
		{F00CEB7A-515A-49D3-948A-AF97A0225EEE}.Debug|Any CPU.Build.0 = Debug|Any CPU
		{F00CEB7A-515A-49D3-948A-AF97A0225EEE}.Release|Any CPU.ActiveCfg = Release|Any CPU
		{F00CEB7A-515A-49D3-948A-AF97A0225EEE}.Release|Any CPU.Build.0 = Release|Any CPU
		{ECB06474-9CE6-4E70-B570-42A9456CE982}.Debug|Any CPU.ActiveCfg = Debug|Any CPU
		{ECB06474-9CE6-4E70-B570-42A9456CE982}.Debug|Any CPU.Build.0 = Debug|Any CPU
		{ECB06474-9CE6-4E70-B570-42A9456CE982}.Release|Any CPU.ActiveCfg = Release|Any CPU
		{ECB06474-9CE6-4E70-B570-42A9456CE982}.Release|Any CPU.Build.0 = Release|Any CPU
		{9E59FB7F-961E-4963-A46C-7779BC865A89}.Debug|Any CPU.ActiveCfg = Debug|Any CPU
		{9E59FB7F-961E-4963-A46C-7779BC865A89}.Debug|Any CPU.Build.0 = Debug|Any CPU
		{9E59FB7F-961E-4963-A46C-7779BC865A89}.Release|Any CPU.ActiveCfg = Release|Any CPU
		{9E59FB7F-961E-4963-A46C-7779BC865A89}.Release|Any CPU.Build.0 = Release|Any CPU
	EndGlobalSection
	GlobalSection(SolutionProperties) = preSolution
		HideSolutionNode = FALSE
	EndGlobalSection
	GlobalSection(ExtensibilityGlobals) = postSolution
		SolutionGuid = {CA000A89-C660-4345-B4DE-BEDC618DD183}
	EndGlobalSection
EndGlobal
